// !$*UTF8*$!
{
	archiveVersion = 1;
	classes = {
	};
	objectVersion = 50;
	objects = {

/* Begin PBXBuildFile section */
		3C994F6A21918D1E008C668B /* BusanData.swift in Sources */ = {isa = PBXBuildFile; fileRef = 3C994F6921918D1E008C668B /* BusanData.swift */; };
		3CB34D8E218FD8410061253F /* AppDelegate.swift in Sources */ = {isa = PBXBuildFile; fileRef = 3CB34D8D218FD8410061253F /* AppDelegate.swift */; };
		3CB34D90218FD8410061253F /* ViewController.swift in Sources */ = {isa = PBXBuildFile; fileRef = 3CB34D8F218FD8410061253F /* ViewController.swift */; };
		3CB34D93218FD8410061253F /* Main.storyboard in Resources */ = {isa = PBXBuildFile; fileRef = 3CB34D91218FD8410061253F /* Main.storyboard */; };
		3CB34D95218FD8440061253F /* Assets.xcassets in Resources */ = {isa = PBXBuildFile; fileRef = 3CB34D94218FD8440061253F /* Assets.xcassets */; };
		3CB34D98218FD8440061253F /* LaunchScreen.storyboard in Resources */ = {isa = PBXBuildFile; fileRef = 3CB34D96218FD8440061253F /* LaunchScreen.storyboard */; };
		3CB34DA1218FD8560061253F /* MapKit.framework in Frameworks */ = {isa = PBXBuildFile; fileRef = 3CB34DA0218FD8560061253F /* MapKit.framework */; };
		3CF5059B218FDB9E002AB3E5 /* 지진대피요령.jpg in Resources */ = {isa = PBXBuildFile; fileRef = 3CF5059A218FDB9E002AB3E5 /* 지진대피요령.jpg */; };
		3CF5059D218FDC76002AB3E5 /* Shelter.xml in Resources */ = {isa = PBXBuildFile; fileRef = 3CF5059C218FDC76002AB3E5 /* Shelter.xml */; };
		3CF5059F218FDD4F002AB3E5 /* ShelterViewController.swift in Sources */ = {isa = PBXBuildFile; fileRef = 3CF5059E218FDD4F002AB3E5 /* ShelterViewController.swift */; };
/* End PBXBuildFile section */

/* Begin PBXFileReference section */
		3C994F6921918D1E008C668B /* BusanData.swift */ = {isa = PBXFileReference; lastKnownFileType = sourcecode.swift; path = BusanData.swift; sourceTree = "<group>"; };
		3CB34D8A218FD8410061253F /* EarthquakeShelter.app */ = {isa = PBXFileReference; explicitFileType = wrapper.application; includeInIndex = 0; path = EarthquakeShelter.app; sourceTree = BUILT_PRODUCTS_DIR; };
		3CB34D8D218FD8410061253F /* AppDelegate.swift */ = {isa = PBXFileReference; lastKnownFileType = sourcecode.swift; path = AppDelegate.swift; sourceTree = "<group>"; };
		3CB34D8F218FD8410061253F /* ViewController.swift */ = {isa = PBXFileReference; lastKnownFileType = sourcecode.swift; path = ViewController.swift; sourceTree = "<group>"; };
		3CB34D92218FD8410061253F /* Base */ = {isa = PBXFileReference; lastKnownFileType = file.storyboard; name = Base; path = Base.lproj/Main.storyboard; sourceTree = "<group>"; };
		3CB34D94218FD8440061253F /* Assets.xcassets */ = {isa = PBXFileReference; lastKnownFileType = folder.assetcatalog; path = Assets.xcassets; sourceTree = "<group>"; };
		3CB34D97218FD8440061253F /* Base */ = {isa = PBXFileReference; lastKnownFileType = file.storyboard; name = Base; path = Base.lproj/LaunchScreen.storyboard; sourceTree = "<group>"; };
		3CB34D99218FD8440061253F /* Info.plist */ = {isa = PBXFileReference; lastKnownFileType = text.plist.xml; path = Info.plist; sourceTree = "<group>"; };
		3CB34DA0218FD8560061253F /* MapKit.framework */ = {isa = PBXFileReference; lastKnownFileType = wrapper.framework; name = MapKit.framework; path = System/Library/Frameworks/MapKit.framework; sourceTree = SDKROOT; };
		3CF5059A218FDB9E002AB3E5 /* 지진대피요령.jpg */ = {isa = PBXFileReference; lastKnownFileType = image.jpeg; path = "지진대피요령.jpg"; sourceTree = "<group>"; };
		3CF5059C218FDC76002AB3E5 /* Shelter.xml */ = {isa = PBXFileReference; lastKnownFileType = text.xml; path = Shelter.xml; sourceTree = "<group>"; };
		3CF5059E218FDD4F002AB3E5 /* ShelterViewController.swift */ = {isa = PBXFileReference; lastKnownFileType = sourcecode.swift; path = ShelterViewController.swift; sourceTree = "<group>"; };
/* End PBXFileReference section */

/* Begin PBXFrameworksBuildPhase section */
		3CB34D87218FD8410061253F /* Frameworks */ = {
			isa = PBXFrameworksBuildPhase;
			buildActionMask = 2147483647;
			files = (
				3CB34DA1218FD8560061253F /* MapKit.framework in Frameworks */,
			);
			runOnlyForDeploymentPostprocessing = 0;
		};
/* End PBXFrameworksBuildPhase section */

/* Begin PBXGroup section */
		3CB34D81218FD8410061253F = {
			isa = PBXGroup;
			children = (
				3CB34D8C218FD8410061253F /* EarthquakeShelter */,
				3CB34D8B218FD8410061253F /* Products */,
				3CB34D9F218FD8560061253F /* Frameworks */,
			);
			sourceTree = "<group>";
		};
		3CB34D8B218FD8410061253F /* Products */ = {
			isa = PBXGroup;
			children = (
				3CB34D8A218FD8410061253F /* EarthquakeShelter.app */,
			);
			name = Products;
			sourceTree = "<group>";
		};
		3CB34D8C218FD8410061253F /* EarthquakeShelter */ = {
			isa = PBXGroup;
			children = (
				3CF5059A218FDB9E002AB3E5 /* 지진대피요령.jpg */,
				3CB34D8D218FD8410061253F /* AppDelegate.swift */,
				3CB34D8F218FD8410061253F /* ViewController.swift */,
				3CB34D91218FD8410061253F /* Main.storyboard */,
				3CF5059E218FDD4F002AB3E5 /* ShelterViewController.swift */,
				3CF5059C218FDC76002AB3E5 /* Shelter.xml */,
				3CB34D94218FD8440061253F /* Assets.xcassets */,
				3CB34D96218FD8440061253F /* LaunchScreen.storyboard */,
				3CB34D99218FD8440061253F /* Info.plist */,
				3C994F6921918D1E008C668B /* BusanData.swift */,
			);
			path = EarthquakeShelter;
			sourceTree = "<group>";
		};
		3CB34D9F218FD8560061253F /* Frameworks */ = {
			isa = PBXGroup;
			children = (
				3CB34DA0218FD8560061253F /* MapKit.framework */,
			);
			name = Frameworks;
			sourceTree = "<group>";
		};
/* End PBXGroup section */

/* Begin PBXNativeTarget section */
		3CB34D89218FD8410061253F /* EarthquakeShelter */ = {
			isa = PBXNativeTarget;
			buildConfigurationList = 3CB34D9C218FD8440061253F /* Build configuration list for PBXNativeTarget "EarthquakeShelter" */;
			buildPhases = (
				3CB34D86218FD8410061253F /* Sources */,
				3CB34D87218FD8410061253F /* Frameworks */,
				3CB34D88218FD8410061253F /* Resources */,
			);
			buildRules = (
			);
			dependencies = (
			);
			name = EarthquakeShelter;
			productName = EarthquakeShelter;
			productReference = 3CB34D8A218FD8410061253F /* EarthquakeShelter.app */;
			productType = "com.apple.product-type.application";
		};
/* End PBXNativeTarget section */

/* Begin PBXProject section */
		3CB34D82218FD8410061253F /* Project object */ = {
			isa = PBXProject;
			attributes = {
				LastSwiftUpdateCheck = 0940;
				LastUpgradeCheck = 0940;
				ORGANIZATIONNAME = 201550057;
				TargetAttributes = {
					3CB34D89218FD8410061253F = {
						CreatedOnToolsVersion = 9.4.1;
					};
				};
			};
			buildConfigurationList = 3CB34D85218FD8410061253F /* Build configuration list for PBXProject "EarthquakeShelter" */;
			compatibilityVersion = "Xcode 9.3";
			developmentRegion = en;
			hasScannedForEncodings = 0;
			knownRegions = (
				en,
				Base,
			);
			mainGroup = 3CB34D81218FD8410061253F;
			productRefGroup = 3CB34D8B218FD8410061253F /* Products */;
			projectDirPath = "";
			projectRoot = "";
			targets = (
				3CB34D89218FD8410061253F /* EarthquakeShelter */,
			);
		};
/* End PBXProject section */

/* Begin PBXResourcesBuildPhase section */
		3CB34D88218FD8410061253F /* Resources */ = {
			isa = PBXResourcesBuildPhase;
			buildActionMask = 2147483647;
			files = (
				3CB34D98218FD8440061253F /* LaunchScreen.storyboard in Resources */,
				3CF5059B218FDB9E002AB3E5 /* 지진대피요령.jpg in Resources */,
				3CB34D95218FD8440061253F /* Assets.xcassets in Resources */,
				3CF5059D218FDC76002AB3E5 /* Shelter.xml in Resources */,
				3CB34D93218FD8410061253F /* Main.storyboard in Resources */,
			);
			runOnlyForDeploymentPostprocessing = 0;
		};
/* End PBXResourcesBuildPhase section */

/* Begin PBXSourcesBuildPhase section */
		3CB34D86218FD8410061253F /* Sources */ = {
			isa = PBXSourcesBuildPhase;
			buildActionMask = 2147483647;
			files = (
				3CF5059F218FDD4F002AB3E5 /* ShelterViewController.swift in Sources */,
				3C994F6A21918D1E008C668B /* BusanData.swift in Sources */,
				3CB34D90218FD8410061253F /* ViewController.swift in Sources */,
				3CB34D8E218FD8410061253F /* AppDelegate.swift in Sources */,
			);
			runOnlyForDeploymentPostprocessing = 0;
		};
/* End PBXSourcesBuildPhase section */

/* Begin PBXVariantGroup section */
		3CB34D91218FD8410061253F /* Main.storyboard */ = {
			isa = PBXVariantGroup;
			children = (
				3CB34D92218FD8410061253F /* Base */,
			);
			name = Main.storyboard;
			sourceTree = "<group>";
		};
		3CB34D96218FD8440061253F /* LaunchScreen.storyboard */ = {
			isa = PBXVariantGroup;
			children = (
				3CB34D97218FD8440061253F /* Base */,
			);
			name = LaunchScreen.storyboard;
			sourceTree = "<group>";
		};
/* End PBXVariantGroup section */

/* Begin XCBuildConfiguration section */
		3CB34D9A218FD8440061253F /* Debug */ = {
			isa = XCBuildConfiguration;
			buildSettings = {
				ALWAYS_SEARCH_USER_PATHS = NO;
				CLANG_ANALYZER_NONNULL = YES;
				CLANG_ANALYZER_NUMBER_OBJECT_CONVERSION = YES_AGGRESSIVE;
				CLANG_CXX_LANGUAGE_STANDARD = "gnu++14";
				CLANG_CXX_LIBRARY = "libc++";
				CLANG_ENABLE_MODULES = YES;
				CLANG_ENABLE_OBJC_ARC = YES;
				CLANG_ENABLE_OBJC_WEAK = YES;
				CLANG_WARN_BLOCK_CAPTURE_AUTORELEASING = YES;
				CLANG_WARN_BOOL_CONVERSION = YES;
				CLANG_WARN_COMMA = YES;
				CLANG_WARN_CONSTANT_CONVERSION = YES;
				CLANG_WARN_DEPRECATED_OBJC_IMPLEMENTATIONS = YES;
				CLANG_WARN_DIRECT_OBJC_ISA_USAGE = YES_ERROR;
				CLANG_WARN_DOCUMENTATION_COMMENTS = YES;
				CLANG_WARN_EMPTY_BODY = YES;
				CLANG_WARN_ENUM_CONVERSION = YES;
				CLANG_WARN_INFINITE_RECURSION = YES;
				CLANG_WARN_INT_CONVERSION = YES;
				CLANG_WARN_NON_LITERAL_NULL_CONVERSION = YES;
				CLANG_WARN_OBJC_IMPLICIT_RETAIN_SELF = YES;
				CLANG_WARN_OBJC_LITERAL_CONVERSION = YES;
				CLANG_WARN_OBJC_ROOT_CLASS = YES_ERROR;
				CLANG_WARN_RANGE_LOOP_ANALYSIS = YES;
				CLANG_WARN_STRICT_PROTOTYPES = YES;
				CLANG_WARN_SUSPICIOUS_MOVE = YES;
				CLANG_WARN_UNGUARDED_AVAILABILITY = YES_AGGRESSIVE;
				CLANG_WARN_UNREACHABLE_CODE = YES;
				CLANG_WARN__DUPLICATE_METHOD_MATCH = YES;
				CODE_SIGN_IDENTITY = "iPhone Developer";
				COPY_PHASE_STRIP = NO;
				DEBUG_INFORMATION_FORMAT = dwarf;
				ENABLE_STRICT_OBJC_MSGSEND = YES;
				ENABLE_TESTABILITY = YES;
				GCC_C_LANGUAGE_STANDARD = gnu11;
				GCC_DYNAMIC_NO_PIC = NO;
				GCC_NO_COMMON_BLOCKS = YES;
				GCC_OPTIMIZATION_LEVEL = 0;
				GCC_PREPROCESSOR_DEFINITIONS = (
					"DEBUG=1",
					"$(inherited)",
				);
				GCC_WARN_64_TO_32_BIT_CONVERSION = YES;
				GCC_WARN_ABOUT_RETURN_TYPE = YES_ERROR;
				GCC_WARN_UNDECLARED_SELECTOR = YES;
				GCC_WARN_UNINITIALIZED_AUTOS = YES_AGGRESSIVE;
				GCC_WARN_UNUSED_FUNCTION = YES;
				GCC_WARN_UNUSED_VARIABLE = YES;
				IPHONEOS_DEPLOYMENT_TARGET = 11.4;
				MTL_ENABLE_DEBUG_INFO = YES;
				ONLY_ACTIVE_ARCH = YES;
				SDKROOT = iphoneos;
				SWIFT_ACTIVE_COMPILATION_CONDITIONS = DEBUG;
				SWIFT_OPTIMIZATION_LEVEL = "-Onone";
			};
			name = Debug;
		};
		3CB34D9B218FD8440061253F /* Release */ = {
			isa = XCBuildConfiguration;
			buildSettings = {
				ALWAYS_SEARCH_USER_PATHS = NO;
				CLANG_ANALYZER_NONNULL = YES;
				CLANG_ANALYZER_NUMBER_OBJECT_CONVERSION = YES_AGGRESSIVE;
				CLANG_CXX_LANGUAGE_STANDARD = "gnu++14";
				CLANG_CXX_LIBRARY = "libc++";
				CLANG_ENABLE_MODULES = YES;
				CLANG_ENABLE_OBJC_ARC = YES;
				CLANG_ENABLE_OBJC_WEAK = YES;
				CLANG_WARN_BLOCK_CAPTURE_AUTORELEASING = YES;
				CLANG_WARN_BOOL_CONVERSION = YES;
				CLANG_WARN_COMMA = YES;
				CLANG_WARN_CONSTANT_CONVERSION = YES;
				CLANG_WARN_DEPRECATED_OBJC_IMPLEMENTATIONS = YES;
				CLANG_WARN_DIRECT_OBJC_ISA_USAGE = YES_ERROR;
				CLANG_WARN_DOCUMENTATION_COMMENTS = YES;
				CLANG_WARN_EMPTY_BODY = YES;
				CLANG_WARN_ENUM_CONVERSION = YES;
				CLANG_WARN_INFINITE_RECURSION = YES;
				CLANG_WARN_INT_CONVERSION = YES;
				CLANG_WARN_NON_LITERAL_NULL_CONVERSION = YES;
				CLANG_WARN_OBJC_IMPLICIT_RETAIN_SELF = YES;
				CLANG_WARN_OBJC_LITERAL_CONVERSION = YES;
				CLANG_WARN_OBJC_ROOT_CLASS = YES_ERROR;
				CLANG_WARN_RANGE_LOOP_ANALYSIS = YES;
				CLANG_WARN_STRICT_PROTOTYPES = YES;
				CLANG_WARN_SUSPICIOUS_MOVE = YES;
				CLANG_WARN_UNGUARDED_AVAILABILITY = YES_AGGRESSIVE;
				CLANG_WARN_UNREACHABLE_CODE = YES;
				CLANG_WARN__DUPLICATE_METHOD_MATCH = YES;
				CODE_SIGN_IDENTITY = "iPhone Developer";
				COPY_PHASE_STRIP = NO;
				DEBUG_INFORMATION_FORMAT = "dwarf-with-dsym";
				ENABLE_NS_ASSERTIONS = NO;
				ENABLE_STRICT_OBJC_MSGSEND = YES;
				GCC_C_LANGUAGE_STANDARD = gnu11;
				GCC_NO_COMMON_BLOCKS = YES;
				GCC_WARN_64_TO_32_BIT_CONVERSION = YES;
				GCC_WARN_ABOUT_RETURN_TYPE = YES_ERROR;
				GCC_WARN_UNDECLARED_SELECTOR = YES;
				GCC_WARN_UNINITIALIZED_AUTOS = YES_AGGRESSIVE;
				GCC_WARN_UNUSED_FUNCTION = YES;
				GCC_WARN_UNUSED_VARIABLE = YES;
				IPHONEOS_DEPLOYMENT_TARGET = 11.4;
				MTL_ENABLE_DEBUG_INFO = NO;
				SDKROOT = iphoneos;
				SWIFT_COMPILATION_MODE = wholemodule;
				SWIFT_OPTIMIZATION_LEVEL = "-O";
				VALIDATE_PRODUCT = YES;
			};
			name = Release;
		};
		3CB34D9D218FD8440061253F /* Debug */ = {
			isa = XCBuildConfiguration;
			buildSettings = {
				ASSETCATALOG_COMPILER_APPICON_NAME = AppIcon;
				CODE_SIGN_STYLE = Automatic;
				INFOPLIST_FILE = EarthquakeShelter/Info.plist;
				LD_RUNPATH_SEARCH_PATHS = (
					"$(inherited)",
					"@executable_path/Frameworks",
				);
				PRODUCT_BUNDLE_IDENTIFIER = "-1.EarthquakeShelter";
				PRODUCT_NAME = "$(TARGET_NAME)";
				SWIFT_VERSION = 4.0;
				TARGETED_DEVICE_FAMILY = "1,2";
			};
			name = Debug;
		};
		3CB34D9E218FD8440061253F /* Release */ = {
			isa = XCBuildConfiguration;
			buildSettings = {
				ASSETCATALOG_COMPILER_APPICON_NAME = AppIcon;
				CODE_SIGN_STYLE = Automatic;
				INFOPLIST_FILE = EarthquakeShelter/Info.plist;
				LD_RUNPATH_SEARCH_PATHS = (
					"$(inherited)",
					"@executable_path/Frameworks",
				);
				PRODUCT_BUNDLE_IDENTIFIER = "-1.EarthquakeShelter";
				PRODUCT_NAME = "$(TARGET_NAME)";
				SWIFT_VERSION = 4.0;
				TARGETED_DEVICE_FAMILY = "1,2";
			};
			name = Release;
		};
/* End XCBuildConfiguration section */

/* Begin XCConfigurationList section */
		3CB34D85218FD8410061253F /* Build configuration list for PBXProject "EarthquakeShelter" */ = {
			isa = XCConfigurationList;
			buildConfigurations = (
				3CB34D9A218FD8440061253F /* Debug */,
				3CB34D9B218FD8440061253F /* Release */,
			);
			defaultConfigurationIsVisible = 0;
			defaultConfigurationName = Release;
		};
		3CB34D9C218FD8440061253F /* Build configuration list for PBXNativeTarget "EarthquakeShelter" */ = {
			isa = XCConfigurationList;
			buildConfigurations = (
				3CB34D9D218FD8440061253F /* Debug */,
				3CB34D9E218FD8440061253F /* Release */,
			);
			defaultConfigurationIsVisible = 0;
			defaultConfigurationName = Release;
		};
/* End XCConfigurationList section */
	};
	rootObject = 3CB34D82218FD8410061253F /* Project object */;
}
